
Microsoft Visual Studio Solution File, Format Version 12.00
# Visual Studio 2015
Project("{FAE04EC0-301F-11D3-BF4B-00C04F79EFBC}") = "jslibtest.CSharp", "jslibtest.CSharp.csproj", "{D49D4B90-1FD9-CA06-B10F-5278994D8193}"
EndProject
Global
	GlobalSection(SolutionConfigurationPlatforms) = preSolution
		Debug|Any CPU = Debug|Any CPU
		Release|Any CPU = Release|Any CPU
	EndGlobalSection
	GlobalSection(ProjectConfigurationPlatforms) = postSolution
		{D49D4B90-1FD9-CA06-B10F-5278994D8193}.Debug|Any CPU.ActiveCfg = Debug|Any CPU
		{D49D4B90-1FD9-CA06-B10F-5278994D8193}.Debug|Any CPU.Build.0 = Debug|Any CPU
		{D49D4B90-1FD9-CA06-B10F-5278994D8193}.Release|Any CPU.ActiveCfg = Release|Any CPU
		{D49D4B90-1FD9-CA06-B10F-5278994D8193}.Release|Any CPU.Build.0 = Release|Any CPU
	EndGlobalSection
	GlobalSection(SolutionProperties) = preSolution
		HideSolutionNode = FALSE
	EndGlobalSection
EndGlobal
